
Microsoft Visual Studio Solution File, Format Version 12.00
# Visual Studio Version 17
VisualStudioVersion = 17.9.34723.18
MinimumVisualStudioVersion = 10.0.40219.1
Project("{9A19103F-16F7-4668-BE54-9A1E7A4F7556}") = "TestApi", "TestApi\TestApi.csproj", "{86FC36C3-A000-4BB2-8AF6-C812506F6674}"
EndProject
Global
	GlobalSection(SolutionConfigurationPlatforms) = preSolution
		Debug|Any CPU = Debug|Any CPU
		Release|Any CPU = Release|Any CPU
	EndGlobalSection
	GlobalSection(ProjectConfigurationPlatforms) = postSolution
		{86FC36C3-A000-4BB2-8AF6-C812506F6674}.Debug|Any CPU.ActiveCfg = Debug|Any CPU
		{86FC36C3-A000-4BB2-8AF6-C812506F6674}.Debug|Any CPU.Build.0 = Debug|Any CPU
		{86FC36C3-A000-4BB2-8AF6-C812506F6674}.Release|Any CPU.ActiveCfg = Release|Any CPU
		{86FC36C3-A000-4BB2-8AF6-C812506F6674}.Release|Any CPU.Build.0 = Release|Any CPU
	EndGlobalSection
	GlobalSection(SolutionProperties) = preSolution
		HideSolutionNode = FALSE
	EndGlobalSection
	GlobalSection(ExtensibilityGlobals) = postSolution
		SolutionGuid = {2F49BE17-B99B-4FD3-A04A-8269E5132EA0}
	EndGlobalSection
EndGlobal
